
Microsoft Visual Studio Solution File, Format Version 12.00
# Visual Studio Version 16
VisualStudioVersion = 16.0.34601.136
MinimumVisualStudioVersion = 10.0.40219.1
Project("{FAE04EC0-301F-11D3-BF4B-00C04F79EFBC}") = "MTOM84", "MTOM84\MTOM84.csproj", "{9DC12B52-3906-465C-99D4-3ACEB63EF993}"
EndProject
Global
	GlobalSection(SolutionConfigurationPlatforms) = preSolution
		Debug|Any CPU = Debug|Any CPU
		Release|Any CPU = Release|Any CPU
	EndGlobalSection
	GlobalSection(ProjectConfigurationPlatforms) = postSolution
		{9DC12B52-3906-465C-99D4-3ACEB63EF993}.Debug|Any CPU.ActiveCfg = Debug|Any CPU
		{9DC12B52-3906-465C-99D4-3ACEB63EF993}.Debug|Any CPU.Build.0 = Debug|Any CPU
		{9DC12B52-3906-465C-99D4-3ACEB63EF993}.Release|Any CPU.ActiveCfg = Release|Any CPU
		{9DC12B52-3906-465C-99D4-3ACEB63EF993}.Release|Any CPU.Build.0 = Release|Any CPU
	EndGlobalSection
	GlobalSection(SolutionProperties) = preSolution
		HideSolutionNode = FALSE
	EndGlobalSection
	GlobalSection(ExtensibilityGlobals) = postSolution
		SolutionGuid = {03F84B50-4C24-4E70-AF15-E32D5E3104B8}
	EndGlobalSection
EndGlobal
